{
  "version": 4,
  "terraform_version": "0.14.7",
  "serial": 987,
  "lineage": "944297c4-0f12-5bf8-7368-e8f2ac7a38d2",
  "outputs": {},
  "resources": [
    {
      "module": "module.sqs",
      "mode": "managed",
      "type": "aws_sqs_queue",
      "name": "rhassan_queue",
      "provider": "provider[\"registry.terraform.io/hashicorp/aws\"]",
      "instances": [
        {
          "schema_version": 0,
          "attributes": {
            "arn": "arn:aws:sqs:us-west-2:546607823400:default_sqs",
            "content_based_deduplication": false,
            "delay_seconds": 5,
            "fifo_queue": false,
            "id": "https://sqs.us-west-2.amazonaws.com/546607823400/default_sqs",
            "kms_data_key_reuse_period_seconds": 300,
            "kms_master_key_id": "",
            "max_message_size": 2048,
            "message_retention_seconds": 3600,
            "name": "default_sqs",
            "name_prefix": null,
            "policy": "{\"Version\":\"2012-10-17\",\"Id\":\"SQSAllowPolicy\",\"Statement\":[{\"Sid\":\"SQSAllowID\",\"Effect\":\"Allow\",\"Principal\":\"*\",\"Action\":\"SQS:*\",\"Resource\":\"*\"}]}",
            "receive_wait_time_seconds": 0,
            "redrive_policy": "",
            "tags": null,
            "visibility_timeout_seconds": 30
          },
          "sensitive_attributes": [],
          "private": "bnVsbA=="
        }
      ]
    }
  ]
}
